// !$*UTF8*$!
{
	archiveVersion = 1;
	classes = {
	};
	objectVersion = 46;
	objects = {

/* Begin PBXBuildFile section */
		4E30AC441DC7745E005CD240 /* AppDelegate.swift in Sources */ = {isa = PBXBuildFile; fileRef = 4E30AC281DC7745E005CD240 /* AppDelegate.swift */; };
		4E30AC451DC7745E005CD240 /* APIManager.swift in Sources */ = {isa = PBXBuildFile; fileRef = 4E30AC2C1DC7745E005CD240 /* APIManager.swift */; };
		4E30AC461DC7745E005CD240 /* RequestBuilder.swift in Sources */ = {isa = PBXBuildFile; fileRef = 4E30AC2D1DC7745E005CD240 /* RequestBuilder.swift */; };
		4E30AC471DC7745E005CD240 /* URLBuilder.swift in Sources */ = {isa = PBXBuildFile; fileRef = 4E30AC2E1DC7745E005CD240 /* URLBuilder.swift */; };
		4E30AC481DC7745E005CD240 /* APIPhoto.swift in Sources */ = {isa = PBXBuildFile; fileRef = 4E30AC301DC7745E005CD240 /* APIPhoto.swift */; };
		4E30AC491DC7745E005CD240 /* APIManagerType.swift in Sources */ = {isa = PBXBuildFile; fileRef = 4E30AC321DC7745E005CD240 /* APIManagerType.swift */; };
		4E30AC4A1DC7745E005CD240 /* JSONDecodable.swift in Sources */ = {isa = PBXBuildFile; fileRef = 4E30AC331DC7745E005CD240 /* JSONDecodable.swift */; };
		4E30AC4B1DC7745E005CD240 /* JSONEncodable.swift in Sources */ = {isa = PBXBuildFile; fileRef = 4E30AC341DC7745E005CD240 /* JSONEncodable.swift */; };
		4E30AC4C1DC7745E005CD240 /* RequestBuilderType.swift in Sources */ = {isa = PBXBuildFile; fileRef = 4E30AC351DC7745E005CD240 /* RequestBuilderType.swift */; };
		4E30AC4D1DC7745E005CD240 /* URLBuilderType.swift in Sources */ = {isa = PBXBuildFile; fileRef = 4E30AC361DC7745E005CD240 /* URLBuilderType.swift */; };
		4E30AC4E1DC7745E005CD240 /* Result.swift in Sources */ = {isa = PBXBuildFile; fileRef = 4E30AC371DC7745E005CD240 /* Result.swift */; };
		4E30AC4F1DC7745E005CD240 /* Mirror+PropertiesString.swift in Sources */ = {isa = PBXBuildFile; fileRef = 4E30AC391DC7745E005CD240 /* Mirror+PropertiesString.swift */; };
		4E30AC501DC7745E005CD240 /* UICollectionView+Reusable.swift in Sources */ = {isa = PBXBuildFile; fileRef = 4E30AC3A1DC7745E005CD240 /* UICollectionView+Reusable.swift */; };
		4E30AC511DC7745E005CD240 /* Assets.xcassets in Resources */ = {isa = PBXBuildFile; fileRef = 4E30AC3C1DC7745E005CD240 /* Assets.xcassets */; };
		4E30AC521DC7745E005CD240 /* LaunchScreen.storyboard in Resources */ = {isa = PBXBuildFile; fileRef = 4E30AC3E1DC7745E005CD240 /* LaunchScreen.storyboard */; };
		4E30AC531DC7745E005CD240 /* Main.storyboard in Resources */ = {isa = PBXBuildFile; fileRef = 4E30AC401DC7745E005CD240 /* Main.storyboard */; };
		4E30AC581DC77A4D005CD240 /* PhotosViewController.swift in Sources */ = {isa = PBXBuildFile; fileRef = 4E30AC571DC77A4D005CD240 /* PhotosViewController.swift */; };
/* End PBXBuildFile section */

/* Begin PBXFileReference section */
		4E30ABED1DC74885005CD240 /* FlickrFetcher.app */ = {isa = PBXFileReference; explicitFileType = wrapper.application; includeInIndex = 0; path = FlickrFetcher.app; sourceTree = BUILT_PRODUCTS_DIR; };
		4E30AC281DC7745E005CD240 /* AppDelegate.swift */ = {isa = PBXFileReference; fileEncoding = 4; lastKnownFileType = sourcecode.swift; path = AppDelegate.swift; sourceTree = "<group>"; };
		4E30AC2C1DC7745E005CD240 /* APIManager.swift */ = {isa = PBXFileReference; fileEncoding = 4; lastKnownFileType = sourcecode.swift; path = APIManager.swift; sourceTree = "<group>"; };
		4E30AC2D1DC7745E005CD240 /* RequestBuilder.swift */ = {isa = PBXFileReference; fileEncoding = 4; lastKnownFileType = sourcecode.swift; path = RequestBuilder.swift; sourceTree = "<group>"; };
		4E30AC2E1DC7745E005CD240 /* URLBuilder.swift */ = {isa = PBXFileReference; fileEncoding = 4; lastKnownFileType = sourcecode.swift; path = URLBuilder.swift; sourceTree = "<group>"; };
		4E30AC301DC7745E005CD240 /* APIPhoto.swift */ = {isa = PBXFileReference; fileEncoding = 4; lastKnownFileType = sourcecode.swift; path = APIPhoto.swift; sourceTree = "<group>"; };
		4E30AC321DC7745E005CD240 /* APIManagerType.swift */ = {isa = PBXFileReference; fileEncoding = 4; lastKnownFileType = sourcecode.swift; path = APIManagerType.swift; sourceTree = "<group>"; };
		4E30AC331DC7745E005CD240 /* JSONDecodable.swift */ = {isa = PBXFileReference; fileEncoding = 4; lastKnownFileType = sourcecode.swift; path = JSONDecodable.swift; sourceTree = "<group>"; };
		4E30AC341DC7745E005CD240 /* JSONEncodable.swift */ = {isa = PBXFileReference; fileEncoding = 4; lastKnownFileType = sourcecode.swift; path = JSONEncodable.swift; sourceTree = "<group>"; };
		4E30AC351DC7745E005CD240 /* RequestBuilderType.swift */ = {isa = PBXFileReference; fileEncoding = 4; lastKnownFileType = sourcecode.swift; path = RequestBuilderType.swift; sourceTree = "<group>"; };
		4E30AC361DC7745E005CD240 /* URLBuilderType.swift */ = {isa = PBXFileReference; fileEncoding = 4; lastKnownFileType = sourcecode.swift; path = URLBuilderType.swift; sourceTree = "<group>"; };
		4E30AC371DC7745E005CD240 /* Result.swift */ = {isa = PBXFileReference; fileEncoding = 4; lastKnownFileType = sourcecode.swift; path = Result.swift; sourceTree = "<group>"; };
		4E30AC391DC7745E005CD240 /* Mirror+PropertiesString.swift */ = {isa = PBXFileReference; fileEncoding = 4; lastKnownFileType = sourcecode.swift; path = "Mirror+PropertiesString.swift"; sourceTree = "<group>"; };
		4E30AC3A1DC7745E005CD240 /* UICollectionView+Reusable.swift */ = {isa = PBXFileReference; fileEncoding = 4; lastKnownFileType = sourcecode.swift; path = "UICollectionView+Reusable.swift"; sourceTree = "<group>"; };
		4E30AC3C1DC7745E005CD240 /* Assets.xcassets */ = {isa = PBXFileReference; lastKnownFileType = folder.assetcatalog; path = Assets.xcassets; sourceTree = "<group>"; };
		4E30AC3F1DC7745E005CD240 /* Base */ = {isa = PBXFileReference; lastKnownFileType = file.storyboard; name = Base; path = Base.lproj/LaunchScreen.storyboard; sourceTree = "<group>"; };
		4E30AC411DC7745E005CD240 /* Base */ = {isa = PBXFileReference; lastKnownFileType = file.storyboard; name = Base; path = Base.lproj/Main.storyboard; sourceTree = "<group>"; };
		4E30AC431DC7745E005CD240 /* Info.plist */ = {isa = PBXFileReference; fileEncoding = 4; lastKnownFileType = text.plist.xml; path = Info.plist; sourceTree = "<group>"; };
		4E30AC571DC77A4D005CD240 /* PhotosViewController.swift */ = {isa = PBXFileReference; fileEncoding = 4; lastKnownFileType = sourcecode.swift; name = PhotosViewController.swift; path = Views/Photos/PhotosViewController.swift; sourceTree = "<group>"; };
/* End PBXFileReference section */

/* Begin PBXFrameworksBuildPhase section */
		4E30ABEA1DC74885005CD240 /* Frameworks */ = {
			isa = PBXFrameworksBuildPhase;
			buildActionMask = 2147483647;
			files = (
			);
			runOnlyForDeploymentPostprocessing = 0;
		};
/* End PBXFrameworksBuildPhase section */

/* Begin PBXGroup section */
		4E30ABE41DC74885005CD240 = {
			isa = PBXGroup;
			children = (
				4E30ABEF1DC74885005CD240 /* FlickrFetcher */,
				4E30ABEE1DC74885005CD240 /* Products */,
			);
			sourceTree = "<group>";
		};
		4E30ABEE1DC74885005CD240 /* Products */ = {
			isa = PBXGroup;
			children = (
				4E30ABED1DC74885005CD240 /* FlickrFetcher.app */,
			);
			name = Products;
			sourceTree = "<group>";
		};
		4E30ABEF1DC74885005CD240 /* FlickrFetcher */ = {
			isa = PBXGroup;
			children = (
				4E30AC271DC7745E005CD240 /* Classes */,
				4E30AC3B1DC7745E005CD240 /* Resources */,
				4E30AC421DC7745E005CD240 /* Supporting Files */,
			);
			path = FlickrFetcher;
			sourceTree = "<group>";
		};
		4E30AC271DC7745E005CD240 /* Classes */ = {
			isa = PBXGroup;
			children = (
				4E30AC281DC7745E005CD240 /* AppDelegate.swift */,
				4E30AC291DC7745E005CD240 /* Backend */,
				4E30AC381DC7745E005CD240 /* Extensions */,
				4E30AC551DC77A17005CD240 /* VIews */,
			);
			path = Classes;
			sourceTree = "<group>";
		};
		4E30AC291DC7745E005CD240 /* Backend */ = {
			isa = PBXGroup;
			children = (
				4E30AC2A1DC7745E005CD240 /* API Manager */,
			);
			path = Backend;
			sourceTree = "<group>";
		};
		4E30AC2A1DC7745E005CD240 /* API Manager */ = {
			isa = PBXGroup;
			children = (
				4E30AC2B1DC7745E005CD240 /* Implementation */,
				4E30AC2F1DC7745E005CD240 /* Models */,
				4E30AC311DC7745E005CD240 /* Protocols */,
				4E30AC371DC7745E005CD240 /* Result.swift */,
			);
			path = "API Manager";
			sourceTree = "<group>";
		};
		4E30AC2B1DC7745E005CD240 /* Implementation */ = {
			isa = PBXGroup;
			children = (
				4E30AC2C1DC7745E005CD240 /* APIManager.swift */,
				4E30AC2D1DC7745E005CD240 /* RequestBuilder.swift */,
				4E30AC2E1DC7745E005CD240 /* URLBuilder.swift */,
			);
			path = Implementation;
			sourceTree = "<group>";
		};
		4E30AC2F1DC7745E005CD240 /* Models */ = {
			isa = PBXGroup;
			children = (
				4E30AC301DC7745E005CD240 /* APIPhoto.swift */,
			);
			path = Models;
			sourceTree = "<group>";
		};
		4E30AC311DC7745E005CD240 /* Protocols */ = {
			isa = PBXGroup;
			children = (
				4E30AC321DC7745E005CD240 /* APIManagerType.swift */,
				4E30AC331DC7745E005CD240 /* JSONDecodable.swift */,
				4E30AC341DC7745E005CD240 /* JSONEncodable.swift */,
				4E30AC351DC7745E005CD240 /* RequestBuilderType.swift */,
				4E30AC361DC7745E005CD240 /* URLBuilderType.swift */,
			);
			path = Protocols;
			sourceTree = "<group>";
		};
		4E30AC381DC7745E005CD240 /* Extensions */ = {
			isa = PBXGroup;
			children = (
				4E30AC391DC7745E005CD240 /* Mirror+PropertiesString.swift */,
				4E30AC3A1DC7745E005CD240 /* UICollectionView+Reusable.swift */,
			);
			path = Extensions;
			sourceTree = "<group>";
		};
		4E30AC3B1DC7745E005CD240 /* Resources */ = {
			isa = PBXGroup;
			children = (
				4E30AC3C1DC7745E005CD240 /* Assets.xcassets */,
				4E30AC3D1DC7745E005CD240 /* Storyboards */,
			);
			path = Resources;
			sourceTree = "<group>";
		};
		4E30AC3D1DC7745E005CD240 /* Storyboards */ = {
			isa = PBXGroup;
			children = (
				4E30AC3E1DC7745E005CD240 /* LaunchScreen.storyboard */,
				4E30AC401DC7745E005CD240 /* Main.storyboard */,
			);
			path = Storyboards;
			sourceTree = "<group>";
		};
		4E30AC421DC7745E005CD240 /* Supporting Files */ = {
			isa = PBXGroup;
			children = (
				4E30AC431DC7745E005CD240 /* Info.plist */,
			);
			path = "Supporting Files";
			sourceTree = "<group>";
		};
		4E30AC551DC77A17005CD240 /* VIews */ = {
			isa = PBXGroup;
			children = (
				4E30AC561DC77A2A005CD240 /* Photos */,
			);
			name = VIews;
			sourceTree = "<group>";
		};
		4E30AC561DC77A2A005CD240 /* Photos */ = {
			isa = PBXGroup;
			children = (
				4E30AC571DC77A4D005CD240 /* PhotosViewController.swift */,
			);
			name = Photos;
			sourceTree = "<group>";
		};
/* End PBXGroup section */

/* Begin PBXNativeTarget section */
		4E30ABEC1DC74885005CD240 /* FlickrFetcher */ = {
			isa = PBXNativeTarget;
			buildConfigurationList = 4E30ABFF1DC74885005CD240 /* Build configuration list for PBXNativeTarget "FlickrFetcher" */;
			buildPhases = (
				4E30ABE91DC74885005CD240 /* Sources */,
				4E30ABEA1DC74885005CD240 /* Frameworks */,
				4E30ABEB1DC74885005CD240 /* Resources */,
			);
			buildRules = (
			);
			dependencies = (
			);
			name = FlickrFetcher;
			productName = FlickrFetcher;
			productReference = 4E30ABED1DC74885005CD240 /* FlickrFetcher.app */;
			productType = "com.apple.product-type.application";
		};
/* End PBXNativeTarget section */

/* Begin PBXProject section */
		4E30ABE51DC74885005CD240 /* Project object */ = {
			isa = PBXProject;
			attributes = {
				LastSwiftUpdateCheck = 0800;
				LastUpgradeCheck = 0800;
				ORGANIZATIONNAME = "Bartosz Olszanowski";
				TargetAttributes = {
					4E30ABEC1DC74885005CD240 = {
						CreatedOnToolsVersion = 8.0;
						DevelopmentTeam = RV9KDGVAV4;
						ProvisioningStyle = Automatic;
					};
				};
			};
			buildConfigurationList = 4E30ABE81DC74885005CD240 /* Build configuration list for PBXProject "FlickrFetcher" */;
			compatibilityVersion = "Xcode 3.2";
			developmentRegion = English;
			hasScannedForEncodings = 0;
			knownRegions = (
				en,
				Base,
			);
			mainGroup = 4E30ABE41DC74885005CD240;
			productRefGroup = 4E30ABEE1DC74885005CD240 /* Products */;
			projectDirPath = "";
			projectRoot = "";
			targets = (
				4E30ABEC1DC74885005CD240 /* FlickrFetcher */,
			);
		};
/* End PBXProject section */

/* Begin PBXResourcesBuildPhase section */
		4E30ABEB1DC74885005CD240 /* Resources */ = {
			isa = PBXResourcesBuildPhase;
			buildActionMask = 2147483647;
			files = (
				4E30AC531DC7745E005CD240 /* Main.storyboard in Resources */,
				4E30AC511DC7745E005CD240 /* Assets.xcassets in Resources */,
				4E30AC521DC7745E005CD240 /* LaunchScreen.storyboard in Resources */,
			);
			runOnlyForDeploymentPostprocessing = 0;
		};
/* End PBXResourcesBuildPhase section */

/* Begin PBXSourcesBuildPhase section */
		4E30ABE91DC74885005CD240 /* Sources */ = {
			isa = PBXSourcesBuildPhase;
			buildActionMask = 2147483647;
			files = (
				4E30AC501DC7745E005CD240 /* UICollectionView+Reusable.swift in Sources */,
				4E30AC491DC7745E005CD240 /* APIManagerType.swift in Sources */,
				4E30AC4D1DC7745E005CD240 /* URLBuilderType.swift in Sources */,
				4E30AC461DC7745E005CD240 /* RequestBuilder.swift in Sources */,
				4E30AC4A1DC7745E005CD240 /* JSONDecodable.swift in Sources */,
				4E30AC471DC7745E005CD240 /* URLBuilder.swift in Sources */,
				4E30AC481DC7745E005CD240 /* APIPhoto.swift in Sources */,
				4E30AC4B1DC7745E005CD240 /* JSONEncodable.swift in Sources */,
				4E30AC4C1DC7745E005CD240 /* RequestBuilderType.swift in Sources */,
				4E30AC451DC7745E005CD240 /* APIManager.swift in Sources */,
				4E30AC441DC7745E005CD240 /* AppDelegate.swift in Sources */,
				4E30AC581DC77A4D005CD240 /* PhotosViewController.swift in Sources */,
				4E30AC4F1DC7745E005CD240 /* Mirror+PropertiesString.swift in Sources */,
				4E30AC4E1DC7745E005CD240 /* Result.swift in Sources */,
			);
			runOnlyForDeploymentPostprocessing = 0;
		};
/* End PBXSourcesBuildPhase section */

/* Begin PBXVariantGroup section */
		4E30AC3E1DC7745E005CD240 /* LaunchScreen.storyboard */ = {
			isa = PBXVariantGroup;
			children = (
				4E30AC3F1DC7745E005CD240 /* Base */,
			);
			name = LaunchScreen.storyboard;
			sourceTree = "<group>";
		};
		4E30AC401DC7745E005CD240 /* Main.storyboard */ = {
			isa = PBXVariantGroup;
			children = (
				4E30AC411DC7745E005CD240 /* Base */,
			);
			name = Main.storyboard;
			sourceTree = "<group>";
		};
/* End PBXVariantGroup section */

/* Begin XCBuildConfiguration section */
		4E30ABFD1DC74885005CD240 /* Debug */ = {
			isa = XCBuildConfiguration;
			buildSettings = {
				ALWAYS_SEARCH_USER_PATHS = NO;
				CLANG_ANALYZER_NONNULL = YES;
				CLANG_CXX_LANGUAGE_STANDARD = "gnu++0x";
				CLANG_CXX_LIBRARY = "libc++";
				CLANG_ENABLE_MODULES = YES;
				CLANG_ENABLE_OBJC_ARC = YES;
				CLANG_WARN_BOOL_CONVERSION = YES;
				CLANG_WARN_CONSTANT_CONVERSION = YES;
				CLANG_WARN_DIRECT_OBJC_ISA_USAGE = YES_ERROR;
				CLANG_WARN_DOCUMENTATION_COMMENTS = YES;
				CLANG_WARN_EMPTY_BODY = YES;
				CLANG_WARN_ENUM_CONVERSION = YES;
				CLANG_WARN_INFINITE_RECURSION = YES;
				CLANG_WARN_INT_CONVERSION = YES;
				CLANG_WARN_OBJC_ROOT_CLASS = YES_ERROR;
				CLANG_WARN_SUSPICIOUS_MOVES = YES;
				CLANG_WARN_UNREACHABLE_CODE = YES;
				CLANG_WARN__DUPLICATE_METHOD_MATCH = YES;
				"CODE_SIGN_IDENTITY[sdk=iphoneos*]" = "iPhone Developer";
				COPY_PHASE_STRIP = NO;
				DEBUG_INFORMATION_FORMAT = dwarf;
				ENABLE_STRICT_OBJC_MSGSEND = YES;
				ENABLE_TESTABILITY = YES;
				GCC_C_LANGUAGE_STANDARD = gnu99;
				GCC_DYNAMIC_NO_PIC = NO;
				GCC_NO_COMMON_BLOCKS = YES;
				GCC_OPTIMIZATION_LEVEL = 0;
				GCC_PREPROCESSOR_DEFINITIONS = (
					"DEBUG=1",
					"$(inherited)",
				);
				GCC_WARN_64_TO_32_BIT_CONVERSION = YES;
				GCC_WARN_ABOUT_RETURN_TYPE = YES_ERROR;
				GCC_WARN_UNDECLARED_SELECTOR = YES;
				GCC_WARN_UNINITIALIZED_AUTOS = YES_AGGRESSIVE;
				GCC_WARN_UNUSED_FUNCTION = YES;
				GCC_WARN_UNUSED_VARIABLE = YES;
				IPHONEOS_DEPLOYMENT_TARGET = 10.0;
				MTL_ENABLE_DEBUG_INFO = YES;
				ONLY_ACTIVE_ARCH = YES;
				SDKROOT = iphoneos;
				SWIFT_ACTIVE_COMPILATION_CONDITIONS = DEBUG;
				SWIFT_OPTIMIZATION_LEVEL = "-Onone";
			};
			name = Debug;
		};
		4E30ABFE1DC74885005CD240 /* Release */ = {
			isa = XCBuildConfiguration;
			buildSettings = {
				ALWAYS_SEARCH_USER_PATHS = NO;
				CLANG_ANALYZER_NONNULL = YES;
				CLANG_CXX_LANGUAGE_STANDARD = "gnu++0x";
				CLANG_CXX_LIBRARY = "libc++";
				CLANG_ENABLE_MODULES = YES;
				CLANG_ENABLE_OBJC_ARC = YES;
				CLANG_WARN_BOOL_CONVERSION = YES;
				CLANG_WARN_CONSTANT_CONVERSION = YES;
				CLANG_WARN_DIRECT_OBJC_ISA_USAGE = YES_ERROR;
				CLANG_WARN_DOCUMENTATION_COMMENTS = YES;
				CLANG_WARN_EMPTY_BODY = YES;
				CLANG_WARN_ENUM_CONVERSION = YES;
				CLANG_WARN_INFINITE_RECURSION = YES;
				CLANG_WARN_INT_CONVERSION = YES;
				CLANG_WARN_OBJC_ROOT_CLASS = YES_ERROR;
				CLANG_WARN_SUSPICIOUS_MOVES = YES;
				CLANG_WARN_UNREACHABLE_CODE = YES;
				CLANG_WARN__DUPLICATE_METHOD_MATCH = YES;
				"CODE_SIGN_IDENTITY[sdk=iphoneos*]" = "iPhone Developer";
				COPY_PHASE_STRIP = NO;
				DEBUG_INFORMATION_FORMAT = "dwarf-with-dsym";
				ENABLE_NS_ASSERTIONS = NO;
				ENABLE_STRICT_OBJC_MSGSEND = YES;
				GCC_C_LANGUAGE_STANDARD = gnu99;
				GCC_NO_COMMON_BLOCKS = YES;
				GCC_WARN_64_TO_32_BIT_CONVERSION = YES;
				GCC_WARN_ABOUT_RETURN_TYPE = YES_ERROR;
				GCC_WARN_UNDECLARED_SELECTOR = YES;
				GCC_WARN_UNINITIALIZED_AUTOS = YES_AGGRESSIVE;
				GCC_WARN_UNUSED_FUNCTION = YES;
				GCC_WARN_UNUSED_VARIABLE = YES;
				IPHONEOS_DEPLOYMENT_TARGET = 10.0;
				MTL_ENABLE_DEBUG_INFO = NO;
				SDKROOT = iphoneos;
				SWIFT_OPTIMIZATION_LEVEL = "-Owholemodule";
				VALIDATE_PRODUCT = YES;
			};
			name = Release;
		};
		4E30AC001DC74885005CD240 /* Debug */ = {
			isa = XCBuildConfiguration;
			buildSettings = {
				ASSETCATALOG_COMPILER_APPICON_NAME = AppIcon;
				DEVELOPMENT_TEAM = RV9KDGVAV4;
				INFOPLIST_FILE = "$(SRCROOT)/FlickrFetcher/Supporting Files/Info.plist";
				LD_RUNPATH_SEARCH_PATHS = "$(inherited) @executable_path/Frameworks";
				PRODUCT_BUNDLE_IDENTIFIER = com.bo.FlickrFetcher;
				PRODUCT_NAME = "$(TARGET_NAME)";
				SWIFT_VERSION = 3.0;
			};
			name = Debug;
		};
		4E30AC011DC74885005CD240 /* Release */ = {
			isa = XCBuildConfiguration;
			buildSettings = {
				ASSETCATALOG_COMPILER_APPICON_NAME = AppIcon;
				DEVELOPMENT_TEAM = RV9KDGVAV4;
				INFOPLIST_FILE = "$(SRCROOT)/FlickrFetcher/Supporting Files/Info.plist";
				LD_RUNPATH_SEARCH_PATHS = "$(inherited) @executable_path/Frameworks";
				PRODUCT_BUNDLE_IDENTIFIER = com.bo.FlickrFetcher;
				PRODUCT_NAME = "$(TARGET_NAME)";
				SWIFT_VERSION = 3.0;
			};
			name = Release;
		};
/* End XCBuildConfiguration section */

/* Begin XCConfigurationList section */
		4E30ABE81DC74885005CD240 /* Build configuration list for PBXProject "FlickrFetcher" */ = {
			isa = XCConfigurationList;
			buildConfigurations = (
				4E30ABFD1DC74885005CD240 /* Debug */,
				4E30ABFE1DC74885005CD240 /* Release */,
			);
			defaultConfigurationIsVisible = 0;
			defaultConfigurationName = Release;
		};
		4E30ABFF1DC74885005CD240 /* Build configuration list for PBXNativeTarget "FlickrFetcher" */ = {
			isa = XCConfigurationList;
			buildConfigurations = (
				4E30AC001DC74885005CD240 /* Debug */,
				4E30AC011DC74885005CD240 /* Release */,
			);
			defaultConfigurationIsVisible = 0;
		};
/* End XCConfigurationList section */
	};
	rootObject = 4E30ABE51DC74885005CD240 /* Project object */;
}
